PackratFormat: 1.4
PackratVersion: 0.4.7.1
RVersion: 3.2.4
Repos: CRAN=https://cran.rstudio.com/

Package: DiagrammeR
Source: CRAN
Version: 0.8.4
Hash: 750ebdfd60aa5094c787e465f64f566f
Requires: htmlwidgets, igraph, influenceR, rstudioapi, scales, stringr,
    visNetwork

Package: NMF
Source: CRAN
Version: 0.20.6
Hash: 632aad207ab2e551b33990c9f09ab8af
Requires: RColorBrewer, colorspace, digest, doParallel, foreach,
    ggplot2, gridBase, pkgmaker, registry, reshape2, rngtools, stringr

Package: R6
Source: CRAN
Version: 2.1.2
Hash: c515e41c73294952cbb33ee1c1be5a2d

Package: RColorBrewer
Source: CRAN
Version: 1.1-2
Hash: c0d56cd15034f395874c870141870c25

Package: Rcpp
Source: CRAN
Version: 0.12.7
Hash: f0ba7322cfb66f1b563462faa9c2b2ab

Package: colorspace
Source: CRAN
Version: 1.2-6
Hash: 00bb12245cd975c450cc4a960884fa15

Package: data.tree
Source: CRAN
Version: 0.4.0
Hash: f21de45a64c18fbe2fadb409713dad04
Requires: DiagrammeR, R6, stringr

Package: dichromat
Source: CRAN
Version: 2.0-0
Hash: 08eed0c80510af29bb15f840ccfe37ce

Package: digest
Source: CRAN
Version: 0.6.10
Hash: 87165608ca8aeb0958835c3c5b52b6b7

Package: doParallel
Source: CRAN
Version: 1.0.10
Hash: df91a7abfa938c06ad87b9a2b9269adb
Requires: foreach, iterators

Package: foreach
Source: CRAN
Version: 1.4.3
Hash: cd53ef4cf29dc59ce3f8c5c1af735fd1
Requires: iterators

Package: ggplot2
Source: CRAN
Version: 2.1.0
Hash: 50e297b0191179c39c7dcae0eff72b51
Requires: digest, gtable, plyr, reshape2, scales

Package: gridBase
Source: CRAN
Version: 0.4-7
Hash: d4b7f73c0fdf11d18d1e1ae1643ac4ec

Package: gtable
Source: CRAN
Version: 0.2.0
Hash: cd78381a9d3fea966ac39bd0daaf5554

Package: htmltools
Source: CRAN
Version: 0.3.5
Hash: a96dc1cfe628e66337c86be732567df2
Requires: Rcpp, digest

Package: htmlwidgets
Source: CRAN
Version: 0.7
Hash: f60506850a2d752dff69fc2a31c5a339
Requires: htmltools, jsonlite, yaml

Package: igraph
Source: CRAN
Version: 1.0.1
Hash: 26ac36402e881905359daabfd9ba4057
Requires: NMF, irlba, magrittr

Package: influenceR
Source: CRAN
Version: 0.1.0
Hash: 74fa4b51bb8c4ee841f712d40dbf5f13
Requires: igraph

Package: irlba
Source: CRAN
Version: 2.1.1
Hash: 4a9c73fa2315b15aa9187177b6873df5

Package: iterators
Source: CRAN
Version: 1.0.8
Hash: 488b93c2a4166db0d15f1e8d882cb1d4

Package: jsonlite
Source: CRAN
Version: 1.0
Hash: f32817e181c39ede83fdd3e699348b69

Package: labeling
Source: CRAN
Version: 0.3
Hash: ecf589b42cd284b03a4beb9665482d3e

Package: magrittr
Source: CRAN
Version: 1.5
Hash: bdc4d48c3135e8f3b399536ddf160df4

Package: munsell
Source: CRAN
Version: 0.4.3
Hash: f96d896947fcaf9b6d0074002e9f4f9d
Requires: colorspace

Package: packrat
Source: CRAN
Version: 0.4.7-1
Hash: 16ca16d36eb18d1d16113606ecc5c400

Package: pkgmaker
Source: CRAN
Version: 0.22
Hash: 2e5fc2a6b7eaeb1e1d397a8dc5f54480
Requires: digest, registry, stringr, xtable

Package: plyr
Source: CRAN
Version: 1.8.4
Hash: 75ca080b10a9314a9b293964331e5df7
Requires: Rcpp

Package: registry
Source: CRAN
Version: 0.3
Hash: f9447c26b51b8c96f53720c5ff862c93

Package: reshape2
Source: CRAN
Version: 1.4.1
Hash: c9a8d2349fe969cf519dd0ced9cc1414
Requires: Rcpp, plyr, stringr

Package: rngtools
Source: CRAN
Version: 1.2.4
Hash: 4db0661fe95ab6eb3d6339495bf22003
Requires: digest, pkgmaker, stringr

Package: rstudioapi
Source: CRAN
Version: 0.6
Hash: fd256f8bfb9a64cc35f98b0decb1a79f

Package: scales
Source: CRAN
Version: 0.4.0
Hash: c4a91e7a322e03813b68b73940ce031f
Requires: RColorBrewer, Rcpp, dichromat, labeling, munsell, plyr

Package: stringi
Source: CRAN
Version: 1.1.1
Hash: 48f2afc5dfecb65ba32a87d38b3533ff

Package: stringr
Source: CRAN
Version: 1.1.0
Hash: 4d21d0063b37a17ea18eaec6acd29bf3
Requires: magrittr, stringi

Package: visNetwork
Source: CRAN
Version: 1.0.1
Hash: 80fc398568f38e8ceeb8ce57df77837b
Requires: htmltools, htmlwidgets, jsonlite, magrittr

Package: xtable
Source: CRAN
Version: 1.8-2
Hash: 7293235cfcc14cdff1ce7fd1a0212031

Package: yaml
Source: CRAN
Version: 2.1.13
Hash: 4854ccabebc225e8a7309fb4a74980de
